
Microsoft Visual Studio Solution File, Format Version 12.00
# Visual Studio Version 16
VisualStudioVersion = 16.0.31729.503
MinimumVisualStudioVersion = 10.0.40219.1
Project("{FAE04EC0-301F-11D3-BF4B-00C04F79EFBC}") = "TestCreate", "TestCreate\TestCreate.csproj", "{789295E2-3442-463E-AFDC-96C62D5B434E}"
EndProject
Global
	GlobalSection(SolutionConfigurationPlatforms) = preSolution
		Debug|Any CPU = Debug|Any CPU
		Release|Any CPU = Release|Any CPU
	EndGlobalSection
	GlobalSection(ProjectConfigurationPlatforms) = postSolution
		{789295E2-3442-463E-AFDC-96C62D5B434E}.Debug|Any CPU.ActiveCfg = Debug|Any CPU
		{789295E2-3442-463E-AFDC-96C62D5B434E}.Debug|Any CPU.Build.0 = Debug|Any CPU
		{789295E2-3442-463E-AFDC-96C62D5B434E}.Release|Any CPU.ActiveCfg = Release|Any CPU
		{789295E2-3442-463E-AFDC-96C62D5B434E}.Release|Any CPU.Build.0 = Release|Any CPU
	EndGlobalSection
	GlobalSection(SolutionProperties) = preSolution
		HideSolutionNode = FALSE
	EndGlobalSection
	GlobalSection(ExtensibilityGlobals) = postSolution
		SolutionGuid = {9A0C76E0-DB2B-40D9-BC79-2624D14EC8DA}
	EndGlobalSection
EndGlobal
