
Microsoft Visual Studio Solution File, Format Version 12.00
# Visual Studio Version 16
VisualStudioVersion = 16.0.31729.503
MinimumVisualStudioVersion = 10.0.40219.1
Project("{FAE04EC0-301F-11D3-BF4B-00C04F79EFBC}") = "testRegist", "testRegist\testRegist.csproj", "{D8448DEC-5BCD-4C39-A44D-69C3FD027B9A}"
EndProject
Global
	GlobalSection(SolutionConfigurationPlatforms) = preSolution
		Debug|Any CPU = Debug|Any CPU
		Release|Any CPU = Release|Any CPU
	EndGlobalSection
	GlobalSection(ProjectConfigurationPlatforms) = postSolution
		{D8448DEC-5BCD-4C39-A44D-69C3FD027B9A}.Debug|Any CPU.ActiveCfg = Debug|Any CPU
		{D8448DEC-5BCD-4C39-A44D-69C3FD027B9A}.Debug|Any CPU.Build.0 = Debug|Any CPU
		{D8448DEC-5BCD-4C39-A44D-69C3FD027B9A}.Release|Any CPU.ActiveCfg = Release|Any CPU
		{D8448DEC-5BCD-4C39-A44D-69C3FD027B9A}.Release|Any CPU.Build.0 = Release|Any CPU
	EndGlobalSection
	GlobalSection(SolutionProperties) = preSolution
		HideSolutionNode = FALSE
	EndGlobalSection
	GlobalSection(ExtensibilityGlobals) = postSolution
		SolutionGuid = {70C6F6DA-A73C-438A-B359-84F25A04B782}
	EndGlobalSection
EndGlobal
